{
  "version": 4,
  "terraform_version": "1.6.5",
  "serial": 110,
  "lineage": "f4cc524b-2212-9ac4-4b15-de0a3ad5d8c2",
  "outputs": {},
  "resources": [
    {
      "module": "module.create_an_instance_and_host_webserver_and_apply_load_balancer",
      "mode": "data",
      "type": "google_service_account_access_token",
      "name": "default",
      "provider": "module.create_an_instance_and_host_webserver_and_apply_load_balancer.provider[\"registry.terraform.io/hashicorp/google\"].impersonation",
      "instances": [
        {
          "schema_version": 0,
          "attributes": {
            "access_token": "ya29.c.c0AY_VpZgRyEIFtNgpa_pS3oav9mMpabu21bQxF0gDLzURpaDCPu-S01FGV0pCjp-ejIIAKCjZcRfwJgi6Aqb3BEMQmjooAkJ0OvfWEPlRIDkqKZZVRjRUhl89s9tmpk1NodwOgL8CQNpH3X0_vbiJAfLBjjp4bJz0zZ7JEwgwOR0T7apnLC2pix-0fiAXP5AECkEPT4-NpVCx6GHi08h7AHisEJdU_Fhx0-haU64h1MzGtOjuRMknCvFmgyhFL13ZUEZLOBD3J3BXrJTRXTPBpLvIrmmFresBT522rjCKkccaRwVZC4HCoYvCTZrIhogyE8pQveC4x0o0ockrtnWTEv7KYPRLpB7FuORMtE8h7ZKV4V4jGGz0lw8FKt82u7JSzqWk-EYJOtvjfsXa27seWLJInlta_Ffbntthm6N3dQRjhTqJ5PwkV01F3kVABbKcjDhfhY_7nVLzEi7d-4TZSKbP2x8K_Sk1yBTh_xgAo7krh-C2eVYks-6zq5WPhCmK-L_95jkoEDQ-jhVAXAnL5hGKX_IYSwIDNWeSYd-GFkUFUHMrPUsUZaNpoR85siUYbl2e9VYN592D3FvsM0Ui6k98SpfrM9uYy5J1Y5jUVhX-VkBdzSJ7sM3hUYuWexZOf_ifRoi_zfqiY-i8IuO_pSZBrrcYeSipwh9IsBI65nMMhmfeows4m6qvz_8cSS5Zrn3f157fisxbVgJVbRl0nb4zgraXd14-dRWF5u_b6-a1zX98F1x5JRmbvlRUeBkrZok6nwrSuYhyW9c_9gsr8St_cdzR4bZIUOeIcft3y5oQfUhmdIhgougd3m7BUb0-cSUZ6YrVgiaab9Jhieyshcdoznew1a5Usnu9g0JWjsz239_4uJZxev6vmWIQ6kRQ-3zw64RajBpRo53iju7W3SUU__vgyMkM2t-J5gmtajxOF-0yRU5Fg0sUyxMzv0xXxaF8bxtwFXy6l8q58eaxeRXS1pycIexRRS9d6abfaJjrlXmxx8YOQ-h",
            "delegates": null,
            "id": "projects/-/serviceAccounts/karna-sa@prj-sandbox-infra-01.iam.gserviceaccount.com",
            "lifetime": "1200s",
            "scopes": [
              "cloud-platform",
              "userinfo-email"
            ],
            "target_service_account": "karna-sa@prj-sandbox-infra-01.iam.gserviceaccount.com"
          },
          "sensitive_attributes": []
        }
      ]
    },
    {
      "module": "module.create_an_instance_and_host_webserver_and_apply_load_balancer",
      "mode": "managed",
      "type": "google_compute_backend_service",
      "name": "example_backend_service",
      "provider": "module.create_an_instance_and_host_webserver_and_apply_load_balancer.provider[\"registry.terraform.io/hashicorp/google\"]",
      "instances": [
        {
          "schema_version": 1,
          "attributes": {
            "affinity_cookie_ttl_sec": 0,
            "backend": [
              {
                "balancing_mode": "UTILIZATION",
                "capacity_scaler": 1,
                "description": "",
                "group": "https://www.googleapis.com/compute/v1/projects/prj-sandbox-infra-01/regions/us-central1/instanceGroups/l7-ilb-mig1-karna",
                "max_connections": 0,
                "max_connections_per_endpoint": 0,
                "max_connections_per_instance": 0,
                "max_rate": 0,
                "max_rate_per_endpoint": 0,
                "max_rate_per_instance": 0,
                "max_utilization": 0
              }
            ],
            "cdn_policy": [],
            "circuit_breakers": [],
            "connection_draining_timeout_sec": 300,
            "consistent_hash": [],
            "creation_timestamp": "2023-12-14T12:02:53.194-08:00",
            "custom_request_headers": null,
            "custom_response_headers": null,
            "description": "",
            "enable_cdn": false,
            "fingerprint": "71y61UcHxZM=",
            "health_checks": [
              "projects/prj-sandbox-infra-01/global/httpHealthChecks/example-health-check"
            ],
            "iap": [],
            "id": "projects/prj-sandbox-infra-01/global/backendServices/example-backend-service",
            "load_balancing_scheme": "EXTERNAL",
            "locality_lb_policy": "",
            "log_config": [],
            "name": "example-backend-service",
            "outlier_detection": [],
            "port_name": "http",
            "project": "prj-sandbox-infra-01",
            "protocol": "HTTP",
            "security_policy": "",
            "security_settings": [],
            "self_link": "https://www.googleapis.com/compute/v1/projects/prj-sandbox-infra-01/global/backendServices/example-backend-service",
            "session_affinity": "NONE",
            "timeout_sec": 30,
            "timeouts": null
          },
          "sensitive_attributes": [],
          "private": "eyJlMmJmYjczMC1lY2FhLTExZTYtOGY4OC0zNDM2M2JjN2M0YzAiOnsiY3JlYXRlIjoxMjAwMDAwMDAwMDAwLCJkZWxldGUiOjEyMDAwMDAwMDAwMDAsInVwZGF0ZSI6MTIwMDAwMDAwMDAwMH0sInNjaGVtYV92ZXJzaW9uIjoiMSJ9",
          "dependencies": [
            "module.create_an_instance_and_host_webserver_and_apply_load_balancer.google_compute_http_health_check.example_health_check",
            "module.create_an_instance_and_host_webserver_and_apply_load_balancer.google_compute_instance_template.instance_template_karna",
            "module.create_an_instance_and_host_webserver_and_apply_load_balancer.google_compute_network.vpc_network_karunakara",
            "module.create_an_instance_and_host_webserver_and_apply_load_balancer.google_compute_region_instance_group_manager.mig-karna",
            "module.create_an_instance_and_host_webserver_and_apply_load_balancer.google_compute_subnetwork.subnet_karunakara"
          ]
        }
      ]
    },
    {
      "module": "module.create_an_instance_and_host_webserver_and_apply_load_balancer",
      "mode": "managed",
      "type": "google_compute_firewall",
      "name": "instance_firewall",
      "provider": "module.create_an_instance_and_host_webserver_and_apply_load_balancer.provider[\"registry.terraform.io/hashicorp/google\"]",
      "instances": [
        {
          "schema_version": 1,
          "attributes": {
            "allow": [
              {
                "ports": [
                  "22",
                  "80",
                  "8080",
                  "443"
                ],
                "protocol": "tcp"
              }
            ],
            "creation_timestamp": "2023-12-14T12:01:30.591-08:00",
            "deny": [],
            "description": "",
            "destination_ranges": [],
            "direction": "INGRESS",
            "disabled": false,
            "enable_logging": null,
            "id": "projects/prj-sandbox-infra-01/global/firewalls/allow-ssh",
            "log_config": [],
            "name": "allow-ssh",
            "network": "https://www.googleapis.com/compute/v1/projects/prj-sandbox-infra-01/global/networks/vpc-network-karunakara",
            "priority": 1000,
            "project": "prj-sandbox-infra-01",
            "self_link": "https://www.googleapis.com/compute/v1/projects/prj-sandbox-infra-01/global/firewalls/allow-ssh",
            "source_ranges": [
              "0.0.0.0/0"
            ],
            "source_service_accounts": null,
            "source_tags": null,
            "target_service_accounts": null,
            "target_tags": [
              "allow-ssh"
            ],
            "timeouts": null
          },
          "sensitive_attributes": [],
          "private": "eyJlMmJmYjczMC1lY2FhLTExZTYtOGY4OC0zNDM2M2JjN2M0YzAiOnsiY3JlYXRlIjoxMjAwMDAwMDAwMDAwLCJkZWxldGUiOjEyMDAwMDAwMDAwMDAsInVwZGF0ZSI6MTIwMDAwMDAwMDAwMH0sInNjaGVtYV92ZXJzaW9uIjoiMSJ9",
          "dependencies": [
            "module.create_an_instance_and_host_webserver_and_apply_load_balancer.google_compute_network.vpc_network_karunakara"
          ]
        }
      ]
    },
    {
      "module": "module.create_an_instance_and_host_webserver_and_apply_load_balancer",
      "mode": "managed",
      "type": "google_compute_global_forwarding_rule",
      "name": "example_forwarding_rule",
      "provider": "module.create_an_instance_and_host_webserver_and_apply_load_balancer.provider[\"registry.terraform.io/hashicorp/google\"]",
      "instances": [
        {
          "schema_version": 0,
          "attributes": {
            "description": "",
            "id": "projects/prj-sandbox-infra-01/global/forwardingRules/forwarding-rule",
            "ip_address": "34.160.70.131",
            "ip_protocol": "TCP",
            "ip_version": "",
            "label_fingerprint": "42WmSpB8rSM=",
            "labels": null,
            "load_balancing_scheme": "EXTERNAL",
            "metadata_filters": [],
            "name": "forwarding-rule",
            "network": "",
            "port_range": "80",
            "project": "prj-sandbox-infra-01",
            "self_link": "https://www.googleapis.com/compute/v1/projects/prj-sandbox-infra-01/global/forwardingRules/forwarding-rule",
            "target": "projects/prj-sandbox-infra-01/global/targetHttpProxies/http-proxy",
            "timeouts": null
          },
          "sensitive_attributes": [],
          "private": "eyJlMmJmYjczMC1lY2FhLTExZTYtOGY4OC0zNDM2M2JjN2M0YzAiOnsiY3JlYXRlIjoxMjAwMDAwMDAwMDAwLCJkZWxldGUiOjEyMDAwMDAwMDAwMDAsInVwZGF0ZSI6MTIwMDAwMDAwMDAwMH19",
          "dependencies": [
            "module.create_an_instance_and_host_webserver_and_apply_load_balancer.google_compute_backend_service.example_backend_service",
            "module.create_an_instance_and_host_webserver_and_apply_load_balancer.google_compute_http_health_check.example_health_check",
            "module.create_an_instance_and_host_webserver_and_apply_load_balancer.google_compute_instance_template.instance_template_karna",
            "module.create_an_instance_and_host_webserver_and_apply_load_balancer.google_compute_network.vpc_network_karunakara",
            "module.create_an_instance_and_host_webserver_and_apply_load_balancer.google_compute_region_instance_group_manager.mig-karna",
            "module.create_an_instance_and_host_webserver_and_apply_load_balancer.google_compute_subnetwork.subnet_karunakara",
            "module.create_an_instance_and_host_webserver_and_apply_load_balancer.google_compute_target_http_proxy.example_http_proxy",
            "module.create_an_instance_and_host_webserver_and_apply_load_balancer.google_compute_url_map.example_url_map"
          ]
        }
      ]
    },
    {
      "module": "module.create_an_instance_and_host_webserver_and_apply_load_balancer",
      "mode": "managed",
      "type": "google_compute_http_health_check",
      "name": "example_health_check",
      "provider": "module.create_an_instance_and_host_webserver_and_apply_load_balancer.provider[\"registry.terraform.io/hashicorp/google\"]",
      "instances": [
        {
          "schema_version": 0,
          "attributes": {
            "check_interval_sec": 5,
            "creation_timestamp": "2023-12-14T12:01:07.095-08:00",
            "description": "",
            "healthy_threshold": 2,
            "host": "",
            "id": "projects/prj-sandbox-infra-01/global/httpHealthChecks/example-health-check",
            "name": "example-health-check",
            "port": 80,
            "project": "prj-sandbox-infra-01",
            "request_path": "/",
            "self_link": "https://www.googleapis.com/compute/v1/projects/prj-sandbox-infra-01/global/httpHealthChecks/example-health-check",
            "timeout_sec": 5,
            "timeouts": null,
            "unhealthy_threshold": 2
          },
          "sensitive_attributes": [],
          "private": "eyJlMmJmYjczMC1lY2FhLTExZTYtOGY4OC0zNDM2M2JjN2M0YzAiOnsiY3JlYXRlIjoxMjAwMDAwMDAwMDAwLCJkZWxldGUiOjEyMDAwMDAwMDAwMDAsInVwZGF0ZSI6MTIwMDAwMDAwMDAwMH19"
        }
      ]
    },
    {
      "module": "module.create_an_instance_and_host_webserver_and_apply_load_balancer",
      "mode": "managed",
      "type": "google_compute_instance_template",
      "name": "instance_template_karna",
      "provider": "module.create_an_instance_and_host_webserver_and_apply_load_balancer.provider[\"registry.terraform.io/hashicorp/google\"]",
      "instances": [
        {
          "schema_version": 1,
          "attributes": {
            "advanced_machine_features": [],
            "can_ip_forward": false,
            "confidential_instance_config": null,
            "description": "",
            "disk": [
              {
                "auto_delete": true,
                "boot": true,
                "device_name": "persistent-disk-0",
                "disk_encryption_key": [],
                "disk_name": "",
                "disk_size_gb": 0,
                "disk_type": "pd-standard",
                "interface": "SCSI",
                "labels": null,
                "mode": "READ_WRITE",
                "resource_policies": null,
                "source": "",
                "source_image": "projects/debian-cloud/global/images/family/debian-11",
                "type": "PERSISTENT"
              }
            ],
            "guest_accelerator": [],
            "id": "projects/prj-sandbox-infra-01/global/instanceTemplates/my-template-karna",
            "instance_description": "",
            "labels": null,
            "machine_type": "e2-micro",
            "metadata": null,
            "metadata_fingerprint": "WwX4Sa2Ml8I=",
            "metadata_startup_script": "sudo apt update; yes Y | sudo apt install apache2",
            "min_cpu_platform": "",
            "name": "my-template-karna",
            "name_prefix": null,
            "network_interface": [
              {
                "access_config": [
                  {
                    "nat_ip": "",
                    "network_tier": "PREMIUM",
                    "public_ptr_domain_name": ""
                  }
                ],
                "alias_ip_range": [],
                "ipv6_access_config": [],
                "ipv6_access_type": "",
                "name": "nic0",
                "network": "https://www.googleapis.com/compute/v1/projects/prj-sandbox-infra-01/global/networks/vpc-network-karunakara",
                "network_ip": "",
                "nic_type": "",
                "queue_count": 0,
                "stack_type": "",
                "subnetwork": "https://www.googleapis.com/compute/v1/projects/prj-sandbox-infra-01/regions/us-central1/subnetworks/subnetwork-karunakara",
                "subnetwork_project": "prj-sandbox-infra-01"
              }
            ],
            "project": "prj-sandbox-infra-01",
            "region": "us-central1",
            "reservation_affinity": [],
            "scheduling": [
              {
                "automatic_restart": true,
                "min_node_cpus": 0,
                "node_affinities": [],
                "on_host_maintenance": "MIGRATE",
                "preemptible": false
              }
            ],
            "self_link": "https://www.googleapis.com/compute/v1/projects/prj-sandbox-infra-01/global/instanceTemplates/my-template-karna",
            "service_account": [
              {
                "email": "karna-sa@prj-sandbox-infra-01.iam.gserviceaccount.com",
                "scopes": [
                  "https://www.googleapis.com/auth/cloud-platform",
                  "https://www.googleapis.com/auth/compute",
                  "https://www.googleapis.com/auth/userinfo.email"
                ]
              }
            ],
            "shielded_instance_config": [],
            "tags": [
              "allow-ssh"
            ],
            "tags_fingerprint": "",
            "timeouts": null
          },
          "sensitive_attributes": [],
          "private": "eyJlMmJmYjczMC1lY2FhLTExZTYtOGY4OC0zNDM2M2JjN2M0YzAiOnsiY3JlYXRlIjoyNDAwMDAwMDAwMDAsImRlbGV0ZSI6MjQwMDAwMDAwMDAwfSwic2NoZW1hX3ZlcnNpb24iOiIxIn0=",
          "dependencies": [
            "module.create_an_instance_and_host_webserver_and_apply_load_balancer.google_compute_network.vpc_network_karunakara",
            "module.create_an_instance_and_host_webserver_and_apply_load_balancer.google_compute_subnetwork.subnet_karunakara"
          ]
        }
      ]
    },
    {
      "module": "module.create_an_instance_and_host_webserver_and_apply_load_balancer",
      "mode": "managed",
      "type": "google_compute_network",
      "name": "vpc_network_karunakara",
      "provider": "module.create_an_instance_and_host_webserver_and_apply_load_balancer.provider[\"registry.terraform.io/hashicorp/google\"]",
      "instances": [
        {
          "schema_version": 0,
          "attributes": {
            "auto_create_subnetworks": false,
            "delete_default_routes_on_create": false,
            "description": "",
            "gateway_ipv4": "",
            "id": "projects/prj-sandbox-infra-01/global/networks/vpc-network-karunakara",
            "mtu": 1460,
            "name": "vpc-network-karunakara",
            "project": "prj-sandbox-infra-01",
            "routing_mode": "REGIONAL",
            "self_link": "https://www.googleapis.com/compute/v1/projects/prj-sandbox-infra-01/global/networks/vpc-network-karunakara",
            "timeouts": null
          },
          "sensitive_attributes": [],
          "private": "eyJlMmJmYjczMC1lY2FhLTExZTYtOGY4OC0zNDM2M2JjN2M0YzAiOnsiY3JlYXRlIjoxMjAwMDAwMDAwMDAwLCJkZWxldGUiOjEyMDAwMDAwMDAwMDAsInVwZGF0ZSI6MTIwMDAwMDAwMDAwMH19"
        }
      ]
    },
    {
      "module": "module.create_an_instance_and_host_webserver_and_apply_load_balancer",
      "mode": "managed",
      "type": "google_compute_region_instance_group_manager",
      "name": "mig-karna",
      "provider": "module.create_an_instance_and_host_webserver_and_apply_load_balancer.provider[\"registry.terraform.io/hashicorp/google\"]",
      "instances": [
        {
          "schema_version": 0,
          "attributes": {
            "auto_healing_policies": [],
            "base_instance_name": "vm-karna",
            "description": "",
            "distribution_policy_target_shape": "EVEN",
            "distribution_policy_zones": [
              "us-central1-b",
              "us-central1-c",
              "us-central1-f"
            ],
            "fingerprint": "36axOhCjX4s=",
            "id": "projects/prj-sandbox-infra-01/regions/us-central1/instanceGroupManagers/l7-ilb-mig1-karna",
            "instance_group": "https://www.googleapis.com/compute/v1/projects/prj-sandbox-infra-01/regions/us-central1/instanceGroups/l7-ilb-mig1-karna",
            "name": "l7-ilb-mig1-karna",
            "named_port": [
              {
                "name": "http",
                "port": 80
              }
            ],
            "project": "prj-sandbox-infra-01",
            "region": "us-central1",
            "self_link": "https://www.googleapis.com/compute/v1/projects/prj-sandbox-infra-01/regions/us-central1/instanceGroupManagers/l7-ilb-mig1-karna",
            "stateful_disk": [],
            "status": [
              {
                "is_stable": false,
                "stateful": [
                  {
                    "has_stateful_config": false,
                    "per_instance_configs": [
                      {
                        "all_effective": true
                      }
                    ]
                  }
                ],
                "version_target": [
                  {
                    "is_reached": true
                  }
                ]
              }
            ],
            "target_pools": null,
            "target_size": 2,
            "timeouts": null,
            "update_policy": [
              {
                "instance_redistribution_type": "PROACTIVE",
                "max_surge_fixed": 3,
                "max_surge_percent": 0,
                "max_unavailable_fixed": 3,
                "max_unavailable_percent": 0,
                "minimal_action": "REPLACE",
                "replacement_method": "SUBSTITUTE",
                "type": "OPPORTUNISTIC"
              }
            ],
            "version": [
              {
                "instance_template": "https://www.googleapis.com/compute/v1/projects/prj-sandbox-infra-01/global/instanceTemplates/my-template-karna",
                "name": "primary-karna",
                "target_size": []
              }
            ],
            "wait_for_instances": false,
            "wait_for_instances_status": "STABLE"
          },
          "sensitive_attributes": [],
          "private": "eyJlMmJmYjczMC1lY2FhLTExZTYtOGY4OC0zNDM2M2JjN2M0YzAiOnsiY3JlYXRlIjo5MDAwMDAwMDAwMDAsImRlbGV0ZSI6OTAwMDAwMDAwMDAwLCJ1cGRhdGUiOjkwMDAwMDAwMDAwMH19",
          "dependencies": [
            "module.create_an_instance_and_host_webserver_and_apply_load_balancer.google_compute_instance_template.instance_template_karna",
            "module.create_an_instance_and_host_webserver_and_apply_load_balancer.google_compute_network.vpc_network_karunakara",
            "module.create_an_instance_and_host_webserver_and_apply_load_balancer.google_compute_subnetwork.subnet_karunakara"
          ]
        }
      ]
    },
    {
      "module": "module.create_an_instance_and_host_webserver_and_apply_load_balancer",
      "mode": "managed",
      "type": "google_compute_subnetwork",
      "name": "subnet_karunakara",
      "provider": "module.create_an_instance_and_host_webserver_and_apply_load_balancer.provider[\"registry.terraform.io/hashicorp/google\"]",
      "instances": [
        {
          "schema_version": 0,
          "attributes": {
            "creation_timestamp": "2023-12-14T12:01:31.734-08:00",
            "description": "",
            "external_ipv6_prefix": "",
            "fingerprint": null,
            "gateway_address": "10.2.0.1",
            "id": "projects/prj-sandbox-infra-01/regions/us-central1/subnetworks/subnetwork-karunakara",
            "ip_cidr_range": "10.2.0.0/16",
            "ipv6_access_type": "",
            "ipv6_cidr_range": "",
            "log_config": [],
            "name": "subnetwork-karunakara",
            "network": "https://www.googleapis.com/compute/v1/projects/prj-sandbox-infra-01/global/networks/vpc-network-karunakara",
            "private_ip_google_access": false,
            "private_ipv6_google_access": "DISABLE_GOOGLE_ACCESS",
            "project": "prj-sandbox-infra-01",
            "purpose": "PRIVATE",
            "region": "us-central1",
            "role": "",
            "secondary_ip_range": [],
            "self_link": "https://www.googleapis.com/compute/v1/projects/prj-sandbox-infra-01/regions/us-central1/subnetworks/subnetwork-karunakara",
            "stack_type": "IPV4_ONLY",
            "timeouts": null
          },
          "sensitive_attributes": [],
          "private": "eyJlMmJmYjczMC1lY2FhLTExZTYtOGY4OC0zNDM2M2JjN2M0YzAiOnsiY3JlYXRlIjoxMjAwMDAwMDAwMDAwLCJkZWxldGUiOjEyMDAwMDAwMDAwMDAsInVwZGF0ZSI6MTIwMDAwMDAwMDAwMH19",
          "dependencies": [
            "module.create_an_instance_and_host_webserver_and_apply_load_balancer.google_compute_network.vpc_network_karunakara"
          ]
        }
      ]
    },
    {
      "module": "module.create_an_instance_and_host_webserver_and_apply_load_balancer",
      "mode": "managed",
      "type": "google_compute_target_http_proxy",
      "name": "example_http_proxy",
      "provider": "module.create_an_instance_and_host_webserver_and_apply_load_balancer.provider[\"registry.terraform.io/hashicorp/google\"]",
      "instances": [
        {
          "schema_version": 0,
          "attributes": {
            "creation_timestamp": "2023-12-14T12:03:29.242-08:00",
            "description": "",
            "id": "projects/prj-sandbox-infra-01/global/targetHttpProxies/http-proxy",
            "name": "http-proxy",
            "project": "prj-sandbox-infra-01",
            "proxy_bind": false,
            "proxy_id": 3056186082582782334,
            "self_link": "https://www.googleapis.com/compute/v1/projects/prj-sandbox-infra-01/global/targetHttpProxies/http-proxy",
            "timeouts": null,
            "url_map": "https://www.googleapis.com/compute/v1/projects/prj-sandbox-infra-01/global/urlMaps/url-map"
          },
          "sensitive_attributes": [],
          "private": "eyJlMmJmYjczMC1lY2FhLTExZTYtOGY4OC0zNDM2M2JjN2M0YzAiOnsiY3JlYXRlIjoxMjAwMDAwMDAwMDAwLCJkZWxldGUiOjEyMDAwMDAwMDAwMDAsInVwZGF0ZSI6MTIwMDAwMDAwMDAwMH19",
          "dependencies": [
            "module.create_an_instance_and_host_webserver_and_apply_load_balancer.google_compute_backend_service.example_backend_service",
            "module.create_an_instance_and_host_webserver_and_apply_load_balancer.google_compute_http_health_check.example_health_check",
            "module.create_an_instance_and_host_webserver_and_apply_load_balancer.google_compute_instance_template.instance_template_karna",
            "module.create_an_instance_and_host_webserver_and_apply_load_balancer.google_compute_network.vpc_network_karunakara",
            "module.create_an_instance_and_host_webserver_and_apply_load_balancer.google_compute_region_instance_group_manager.mig-karna",
            "module.create_an_instance_and_host_webserver_and_apply_load_balancer.google_compute_subnetwork.subnet_karunakara",
            "module.create_an_instance_and_host_webserver_and_apply_load_balancer.google_compute_url_map.example_url_map"
          ]
        }
      ]
    },
    {
      "module": "module.create_an_instance_and_host_webserver_and_apply_load_balancer",
      "mode": "managed",
      "type": "google_compute_url_map",
      "name": "example_url_map",
      "provider": "module.create_an_instance_and_host_webserver_and_apply_load_balancer.provider[\"registry.terraform.io/hashicorp/google\"]",
      "instances": [
        {
          "schema_version": 0,
          "attributes": {
            "creation_timestamp": "2023-12-14T12:03:16.485-08:00",
            "default_route_action": [],
            "default_service": "https://www.googleapis.com/compute/v1/projects/prj-sandbox-infra-01/global/backendServices/example-backend-service",
            "default_url_redirect": [],
            "description": "",
            "fingerprint": "0wrm69FAASQ=",
            "header_action": [],
            "host_rule": [],
            "id": "projects/prj-sandbox-infra-01/global/urlMaps/url-map",
            "map_id": 6672988702653210987,
            "name": "url-map",
            "path_matcher": [],
            "project": "prj-sandbox-infra-01",
            "self_link": "https://www.googleapis.com/compute/v1/projects/prj-sandbox-infra-01/global/urlMaps/url-map",
            "test": [],
            "timeouts": null
          },
          "sensitive_attributes": [],
          "private": "eyJlMmJmYjczMC1lY2FhLTExZTYtOGY4OC0zNDM2M2JjN2M0YzAiOnsiY3JlYXRlIjoxMjAwMDAwMDAwMDAwLCJkZWxldGUiOjEyMDAwMDAwMDAwMDAsInVwZGF0ZSI6MTIwMDAwMDAwMDAwMH19",
          "dependencies": [
            "module.create_an_instance_and_host_webserver_and_apply_load_balancer.google_compute_backend_service.example_backend_service",
            "module.create_an_instance_and_host_webserver_and_apply_load_balancer.google_compute_http_health_check.example_health_check",
            "module.create_an_instance_and_host_webserver_and_apply_load_balancer.google_compute_instance_template.instance_template_karna",
            "module.create_an_instance_and_host_webserver_and_apply_load_balancer.google_compute_network.vpc_network_karunakara",
            "module.create_an_instance_and_host_webserver_and_apply_load_balancer.google_compute_region_instance_group_manager.mig-karna",
            "module.create_an_instance_and_host_webserver_and_apply_load_balancer.google_compute_subnetwork.subnet_karunakara"
          ]
        }
      ]
    }
  ],
  "check_results": null
}
