{
  "version": 4,
  "terraform_version": "1.6.5",
  "serial": 159,
  "lineage": "52cc12fa-3397-9065-a1c2-76e60f6429c4",
  "outputs": {},
  "resources": [
    {
      "mode": "managed",
      "type": "google_compute_backend_service",
      "name": "example_backend_service",
      "provider": "provider[\"registry.terraform.io/hashicorp/google\"]",
      "instances": [
        {
          "schema_version": 1,
          "attributes": {
            "affinity_cookie_ttl_sec": 0,
            "backend": [
              {
                "balancing_mode": "UTILIZATION",
                "capacity_scaler": 1,
                "description": "",
                "group": "https://www.googleapis.com/compute/v1/projects/prj-sandbox-infra-01/regions/us-central1/instanceGroups/l7-ilb-mig1-karna",
                "max_connections": 0,
                "max_connections_per_endpoint": 0,
                "max_connections_per_instance": 0,
                "max_rate": 0,
                "max_rate_per_endpoint": 0,
                "max_rate_per_instance": 0,
                "max_utilization": 0
              }
            ],
            "cdn_policy": [],
            "circuit_breakers": [],
            "connection_draining_timeout_sec": 300,
            "consistent_hash": [],
            "creation_timestamp": "2023-12-13T11:49:21.447-08:00",
            "custom_request_headers": [],
            "custom_response_headers": [],
            "description": "",
            "enable_cdn": false,
            "fingerprint": "DnwccsTwQtU=",
            "health_checks": [
              "https://www.googleapis.com/compute/v1/projects/prj-sandbox-infra-01/global/httpHealthChecks/example-health-check"
            ],
            "iap": [],
            "id": "projects/prj-sandbox-infra-01/global/backendServices/example-backend-service",
            "load_balancing_scheme": "EXTERNAL",
            "locality_lb_policy": "",
            "log_config": [],
            "name": "example-backend-service",
            "outlier_detection": [],
            "port_name": "http",
            "project": "prj-sandbox-infra-01",
            "protocol": "HTTP",
            "security_policy": "",
            "security_settings": [],
            "self_link": "https://www.googleapis.com/compute/v1/projects/prj-sandbox-infra-01/global/backendServices/example-backend-service",
            "session_affinity": "NONE",
            "timeout_sec": 30,
            "timeouts": null
          },
          "sensitive_attributes": [],
          "private": "eyJlMmJmYjczMC1lY2FhLTExZTYtOGY4OC0zNDM2M2JjN2M0YzAiOnsiY3JlYXRlIjoxMjAwMDAwMDAwMDAwLCJkZWxldGUiOjEyMDAwMDAwMDAwMDAsInVwZGF0ZSI6MTIwMDAwMDAwMDAwMH0sInNjaGVtYV92ZXJzaW9uIjoiMSJ9",
          "dependencies": [
            "google_compute_http_health_check.example_health_check",
            "google_compute_instance_template.instance_template_karna",
            "google_compute_network.vpc_network_karunakara",
            "google_compute_region_instance_group_manager.mig-karna",
            "google_compute_subnetwork.subnet_karunakara"
          ]
        }
      ]
    },
    {
      "mode": "managed",
      "type": "google_compute_firewall",
      "name": "instance_firewall",
      "provider": "provider[\"registry.terraform.io/hashicorp/google\"]",
      "instances": [
        {
          "schema_version": 1,
          "attributes": {
            "allow": [
              {
                "ports": [
                  "22",
                  "80",
                  "8080",
                  "443"
                ],
                "protocol": "tcp"
              }
            ],
            "creation_timestamp": "2023-12-13T11:48:11.952-08:00",
            "deny": [],
            "description": "",
            "destination_ranges": [],
            "direction": "INGRESS",
            "disabled": false,
            "enable_logging": null,
            "id": "projects/prj-sandbox-infra-01/global/firewalls/allow-ssh",
            "log_config": [],
            "name": "allow-ssh",
            "network": "https://www.googleapis.com/compute/v1/projects/prj-sandbox-infra-01/global/networks/vpc-network-karunakara",
            "priority": 1000,
            "project": "prj-sandbox-infra-01",
            "self_link": "https://www.googleapis.com/compute/v1/projects/prj-sandbox-infra-01/global/firewalls/allow-ssh",
            "source_ranges": [
              "0.0.0.0/0"
            ],
            "source_service_accounts": [],
            "source_tags": [],
            "target_service_accounts": [],
            "target_tags": [
              "allow-ssh"
            ],
            "timeouts": null
          },
          "sensitive_attributes": [],
          "private": "eyJlMmJmYjczMC1lY2FhLTExZTYtOGY4OC0zNDM2M2JjN2M0YzAiOnsiY3JlYXRlIjoxMjAwMDAwMDAwMDAwLCJkZWxldGUiOjEyMDAwMDAwMDAwMDAsInVwZGF0ZSI6MTIwMDAwMDAwMDAwMH0sInNjaGVtYV92ZXJzaW9uIjoiMSJ9",
          "dependencies": [
            "google_compute_network.vpc_network_karunakara"
          ]
        }
      ]
    },
    {
      "mode": "managed",
      "type": "google_compute_global_forwarding_rule",
      "name": "example_forwarding_rule",
      "provider": "provider[\"registry.terraform.io/hashicorp/google\"]",
      "instances": [
        {
          "schema_version": 0,
          "attributes": {
            "description": "",
            "id": "projects/prj-sandbox-infra-01/global/forwardingRules/forwarding-rule",
            "ip_address": "34.95.118.4",
            "ip_protocol": "TCP",
            "ip_version": "",
            "label_fingerprint": "42WmSpB8rSM=",
            "labels": {},
            "load_balancing_scheme": "EXTERNAL",
            "metadata_filters": [],
            "name": "forwarding-rule",
            "network": "",
            "port_range": "80",
            "project": "prj-sandbox-infra-01",
            "self_link": "https://www.googleapis.com/compute/v1/projects/prj-sandbox-infra-01/global/forwardingRules/forwarding-rule",
            "target": "projects/prj-sandbox-infra-01/global/targetHttpProxies/http-proxy",
            "timeouts": null
          },
          "sensitive_attributes": [],
          "private": "eyJlMmJmYjczMC1lY2FhLTExZTYtOGY4OC0zNDM2M2JjN2M0YzAiOnsiY3JlYXRlIjoxMjAwMDAwMDAwMDAwLCJkZWxldGUiOjEyMDAwMDAwMDAwMDAsInVwZGF0ZSI6MTIwMDAwMDAwMDAwMH19",
          "dependencies": [
            "google_compute_backend_service.example_backend_service",
            "google_compute_http_health_check.example_health_check",
            "google_compute_instance_template.instance_template_karna",
            "google_compute_network.vpc_network_karunakara",
            "google_compute_region_instance_group_manager.mig-karna",
            "google_compute_subnetwork.subnet_karunakara",
            "google_compute_target_http_proxy.example_http_proxy",
            "google_compute_url_map.example_url_map"
          ]
        }
      ]
    },
    {
      "mode": "managed",
      "type": "google_compute_http_health_check",
      "name": "example_health_check",
      "provider": "provider[\"registry.terraform.io/hashicorp/google\"]",
      "instances": [
        {
          "schema_version": 0,
          "attributes": {
            "check_interval_sec": 5,
            "creation_timestamp": "2023-12-13T11:47:47.693-08:00",
            "description": "",
            "healthy_threshold": 2,
            "host": "",
            "id": "projects/prj-sandbox-infra-01/global/httpHealthChecks/example-health-check",
            "name": "example-health-check",
            "port": 80,
            "project": "prj-sandbox-infra-01",
            "request_path": "/",
            "self_link": "https://www.googleapis.com/compute/v1/projects/prj-sandbox-infra-01/global/httpHealthChecks/example-health-check",
            "timeout_sec": 5,
            "timeouts": null,
            "unhealthy_threshold": 2
          },
          "sensitive_attributes": [],
          "private": "eyJlMmJmYjczMC1lY2FhLTExZTYtOGY4OC0zNDM2M2JjN2M0YzAiOnsiY3JlYXRlIjoxMjAwMDAwMDAwMDAwLCJkZWxldGUiOjEyMDAwMDAwMDAwMDAsInVwZGF0ZSI6MTIwMDAwMDAwMDAwMH19"
        }
      ]
    },
    {
      "mode": "managed",
      "type": "google_compute_instance_template",
      "name": "instance_template_karna",
      "provider": "provider[\"registry.terraform.io/hashicorp/google\"]",
      "instances": [
        {
          "schema_version": 1,
          "attributes": {
            "advanced_machine_features": [],
            "can_ip_forward": false,
            "confidential_instance_config": [],
            "description": "",
            "disk": [
              {
                "auto_delete": true,
                "boot": true,
                "device_name": "persistent-disk-0",
                "disk_encryption_key": [],
                "disk_name": "",
                "disk_size_gb": 0,
                "disk_type": "pd-standard",
                "interface": "SCSI",
                "labels": {},
                "mode": "READ_WRITE",
                "resource_policies": [],
                "source": "",
                "source_image": "projects/debian-cloud/global/images/family/debian-11",
                "type": "PERSISTENT"
              }
            ],
            "guest_accelerator": [],
            "id": "projects/prj-sandbox-infra-01/global/instanceTemplates/my-template-karna",
            "instance_description": "",
            "labels": null,
            "machine_type": "e2-micro",
            "metadata": {},
            "metadata_fingerprint": "WwX4Sa2Ml8I=",
            "metadata_startup_script": "sudo apt update; yes Y | sudo apt install apache2",
            "min_cpu_platform": "",
            "name": "my-template-karna",
            "name_prefix": null,
            "network_interface": [
              {
                "access_config": [
                  {
                    "nat_ip": "",
                    "network_tier": "PREMIUM",
                    "public_ptr_domain_name": ""
                  }
                ],
                "alias_ip_range": [],
                "ipv6_access_config": [],
                "ipv6_access_type": "",
                "name": "nic0",
                "network": "https://www.googleapis.com/compute/v1/projects/prj-sandbox-infra-01/global/networks/vpc-network-karunakara",
                "network_ip": "",
                "nic_type": "",
                "queue_count": 0,
                "stack_type": "",
                "subnetwork": "https://www.googleapis.com/compute/v1/projects/prj-sandbox-infra-01/regions/us-central1/subnetworks/subnetwork-karunakara",
                "subnetwork_project": "prj-sandbox-infra-01"
              }
            ],
            "project": "prj-sandbox-infra-01",
            "region": "us-central1",
            "reservation_affinity": [],
            "scheduling": [
              {
                "automatic_restart": true,
                "min_node_cpus": 0,
                "node_affinities": [],
                "on_host_maintenance": "MIGRATE",
                "preemptible": false
              }
            ],
            "self_link": "https://www.googleapis.com/compute/v1/projects/prj-sandbox-infra-01/global/instanceTemplates/my-template-karna",
            "service_account": [],
            "shielded_instance_config": [],
            "tags": [
              "allow-ssh"
            ],
            "tags_fingerprint": "",
            "timeouts": null
          },
          "sensitive_attributes": [],
          "private": "eyJlMmJmYjczMC1lY2FhLTExZTYtOGY4OC0zNDM2M2JjN2M0YzAiOnsiY3JlYXRlIjoyNDAwMDAwMDAwMDAsImRlbGV0ZSI6MjQwMDAwMDAwMDAwfSwic2NoZW1hX3ZlcnNpb24iOiIxIn0=",
          "dependencies": [
            "google_compute_network.vpc_network_karunakara",
            "google_compute_subnetwork.subnet_karunakara"
          ]
        }
      ]
    },
    {
      "mode": "managed",
      "type": "google_compute_network",
      "name": "vpc_network_karunakara",
      "provider": "provider[\"registry.terraform.io/hashicorp/google\"]",
      "instances": [
        {
          "schema_version": 0,
          "attributes": {
            "auto_create_subnetworks": false,
            "delete_default_routes_on_create": false,
            "description": "",
            "gateway_ipv4": "",
            "id": "projects/prj-sandbox-infra-01/global/networks/vpc-network-karunakara",
            "mtu": 1460,
            "name": "vpc-network-karunakara",
            "project": "prj-sandbox-infra-01",
            "routing_mode": "REGIONAL",
            "self_link": "https://www.googleapis.com/compute/v1/projects/prj-sandbox-infra-01/global/networks/vpc-network-karunakara",
            "timeouts": null
          },
          "sensitive_attributes": [],
          "private": "eyJlMmJmYjczMC1lY2FhLTExZTYtOGY4OC0zNDM2M2JjN2M0YzAiOnsiY3JlYXRlIjoxMjAwMDAwMDAwMDAwLCJkZWxldGUiOjEyMDAwMDAwMDAwMDAsInVwZGF0ZSI6MTIwMDAwMDAwMDAwMH19"
        }
      ]
    },
    {
      "mode": "managed",
      "type": "google_compute_region_instance_group_manager",
      "name": "mig-karna",
      "provider": "provider[\"registry.terraform.io/hashicorp/google\"]",
      "instances": [
        {
          "schema_version": 0,
          "attributes": {
            "auto_healing_policies": [],
            "base_instance_name": "vm-karna",
            "description": "",
            "distribution_policy_target_shape": "EVEN",
            "distribution_policy_zones": [
              "us-central1-b",
              "us-central1-c",
              "us-central1-f"
            ],
            "fingerprint": "Kc0eQiSMl-I=",
            "id": "projects/prj-sandbox-infra-01/regions/us-central1/instanceGroupManagers/l7-ilb-mig1-karna",
            "instance_group": "https://www.googleapis.com/compute/v1/projects/prj-sandbox-infra-01/regions/us-central1/instanceGroups/l7-ilb-mig1-karna",
            "name": "l7-ilb-mig1-karna",
            "named_port": [
              {
                "name": "http",
                "port": 80
              }
            ],
            "project": "prj-sandbox-infra-01",
            "region": "us-central1",
            "self_link": "https://www.googleapis.com/compute/v1/projects/prj-sandbox-infra-01/regions/us-central1/instanceGroupManagers/l7-ilb-mig1-karna",
            "stateful_disk": [],
            "status": [
              {
                "is_stable": true,
                "stateful": [
                  {
                    "has_stateful_config": false,
                    "per_instance_configs": [
                      {
                        "all_effective": true
                      }
                    ]
                  }
                ],
                "version_target": [
                  {
                    "is_reached": true
                  }
                ]
              }
            ],
            "target_pools": [],
            "target_size": 2,
            "timeouts": null,
            "update_policy": [
              {
                "instance_redistribution_type": "PROACTIVE",
                "max_surge_fixed": 3,
                "max_surge_percent": 0,
                "max_unavailable_fixed": 3,
                "max_unavailable_percent": 0,
                "minimal_action": "REPLACE",
                "replacement_method": "SUBSTITUTE",
                "type": "OPPORTUNISTIC"
              }
            ],
            "version": [
              {
                "instance_template": "https://www.googleapis.com/compute/v1/projects/prj-sandbox-infra-01/global/instanceTemplates/my-template-karna",
                "name": "primary-karna",
                "target_size": []
              }
            ],
            "wait_for_instances": false,
            "wait_for_instances_status": "STABLE"
          },
          "sensitive_attributes": [],
          "private": "eyJlMmJmYjczMC1lY2FhLTExZTYtOGY4OC0zNDM2M2JjN2M0YzAiOnsiY3JlYXRlIjo5MDAwMDAwMDAwMDAsImRlbGV0ZSI6OTAwMDAwMDAwMDAwLCJ1cGRhdGUiOjkwMDAwMDAwMDAwMH19",
          "dependencies": [
            "google_compute_instance_template.instance_template_karna",
            "google_compute_network.vpc_network_karunakara",
            "google_compute_subnetwork.subnet_karunakara"
          ]
        }
      ]
    },
    {
      "mode": "managed",
      "type": "google_compute_subnetwork",
      "name": "subnet_karunakara",
      "provider": "provider[\"registry.terraform.io/hashicorp/google\"]",
      "instances": [
        {
          "schema_version": 0,
          "attributes": {
            "creation_timestamp": "2023-12-13T11:48:13.039-08:00",
            "description": "",
            "external_ipv6_prefix": "",
            "fingerprint": null,
            "gateway_address": "10.2.0.1",
            "id": "projects/prj-sandbox-infra-01/regions/us-central1/subnetworks/subnetwork-karunakara",
            "ip_cidr_range": "10.2.0.0/16",
            "ipv6_access_type": "",
            "ipv6_cidr_range": "",
            "log_config": [],
            "name": "subnetwork-karunakara",
            "network": "https://www.googleapis.com/compute/v1/projects/prj-sandbox-infra-01/global/networks/vpc-network-karunakara",
            "private_ip_google_access": false,
            "private_ipv6_google_access": "DISABLE_GOOGLE_ACCESS",
            "project": "prj-sandbox-infra-01",
            "purpose": "PRIVATE",
            "region": "us-central1",
            "role": "",
            "secondary_ip_range": [],
            "self_link": "https://www.googleapis.com/compute/v1/projects/prj-sandbox-infra-01/regions/us-central1/subnetworks/subnetwork-karunakara",
            "stack_type": "IPV4_ONLY",
            "timeouts": null
          },
          "sensitive_attributes": [],
          "private": "eyJlMmJmYjczMC1lY2FhLTExZTYtOGY4OC0zNDM2M2JjN2M0YzAiOnsiY3JlYXRlIjoxMjAwMDAwMDAwMDAwLCJkZWxldGUiOjEyMDAwMDAwMDAwMDAsInVwZGF0ZSI6MTIwMDAwMDAwMDAwMH19",
          "dependencies": [
            "google_compute_network.vpc_network_karunakara"
          ]
        }
      ]
    },
    {
      "mode": "managed",
      "type": "google_compute_target_http_proxy",
      "name": "example_http_proxy",
      "provider": "provider[\"registry.terraform.io/hashicorp/google\"]",
      "instances": [
        {
          "schema_version": 0,
          "attributes": {
            "creation_timestamp": "2023-12-13T11:49:58.246-08:00",
            "description": "",
            "id": "projects/prj-sandbox-infra-01/global/targetHttpProxies/http-proxy",
            "name": "http-proxy",
            "project": "prj-sandbox-infra-01",
            "proxy_bind": false,
            "proxy_id": 5998019443737211913,
            "self_link": "https://www.googleapis.com/compute/v1/projects/prj-sandbox-infra-01/global/targetHttpProxies/http-proxy",
            "timeouts": null,
            "url_map": "https://www.googleapis.com/compute/v1/projects/prj-sandbox-infra-01/global/urlMaps/url-map"
          },
          "sensitive_attributes": [],
          "private": "eyJlMmJmYjczMC1lY2FhLTExZTYtOGY4OC0zNDM2M2JjN2M0YzAiOnsiY3JlYXRlIjoxMjAwMDAwMDAwMDAwLCJkZWxldGUiOjEyMDAwMDAwMDAwMDAsInVwZGF0ZSI6MTIwMDAwMDAwMDAwMH19",
          "dependencies": [
            "google_compute_backend_service.example_backend_service",
            "google_compute_http_health_check.example_health_check",
            "google_compute_instance_template.instance_template_karna",
            "google_compute_network.vpc_network_karunakara",
            "google_compute_region_instance_group_manager.mig-karna",
            "google_compute_subnetwork.subnet_karunakara",
            "google_compute_url_map.example_url_map"
          ]
        }
      ]
    },
    {
      "mode": "managed",
      "type": "google_compute_url_map",
      "name": "example_url_map",
      "provider": "provider[\"registry.terraform.io/hashicorp/google\"]",
      "instances": [
        {
          "schema_version": 0,
          "attributes": {
            "creation_timestamp": "2023-12-13T11:49:45.095-08:00",
            "default_route_action": [],
            "default_service": "https://www.googleapis.com/compute/v1/projects/prj-sandbox-infra-01/global/backendServices/example-backend-service",
            "default_url_redirect": [],
            "description": "",
            "fingerprint": "L4NvhL22qeQ=",
            "header_action": [],
            "host_rule": [],
            "id": "projects/prj-sandbox-infra-01/global/urlMaps/url-map",
            "map_id": 1019631462629487670,
            "name": "url-map",
            "path_matcher": [],
            "project": "prj-sandbox-infra-01",
            "self_link": "https://www.googleapis.com/compute/v1/projects/prj-sandbox-infra-01/global/urlMaps/url-map",
            "test": [],
            "timeouts": null
          },
          "sensitive_attributes": [],
          "private": "eyJlMmJmYjczMC1lY2FhLTExZTYtOGY4OC0zNDM2M2JjN2M0YzAiOnsiY3JlYXRlIjoxMjAwMDAwMDAwMDAwLCJkZWxldGUiOjEyMDAwMDAwMDAwMDAsInVwZGF0ZSI6MTIwMDAwMDAwMDAwMH19",
          "dependencies": [
            "google_compute_backend_service.example_backend_service",
            "google_compute_http_health_check.example_health_check",
            "google_compute_instance_template.instance_template_karna",
            "google_compute_network.vpc_network_karunakara",
            "google_compute_region_instance_group_manager.mig-karna",
            "google_compute_subnetwork.subnet_karunakara"
          ]
        }
      ]
    },
    {
      "mode": "managed",
      "type": "google_service_account",
      "name": "karunakara-sa",
      "provider": "provider[\"registry.terraform.io/hashicorp/google\"]",
      "instances": [
        {
          "schema_version": 0,
          "attributes": {
            "account_id": "karunakara-sa",
            "description": "",
            "disabled": false,
            "display_name": "karunakara-sa",
            "email": "karunakara-sa@prj-sandbox-infra-01.iam.gserviceaccount.com",
            "id": "projects/prj-sandbox-infra-01/serviceAccounts/karunakara-sa@prj-sandbox-infra-01.iam.gserviceaccount.com",
            "name": "projects/prj-sandbox-infra-01/serviceAccounts/karunakara-sa@prj-sandbox-infra-01.iam.gserviceaccount.com",
            "project": "prj-sandbox-infra-01",
            "timeouts": null,
            "unique_id": "107384488488031155945"
          },
          "sensitive_attributes": [],
          "private": "eyJlMmJmYjczMC1lY2FhLTExZTYtOGY4OC0zNDM2M2JjN2M0YzAiOnsiY3JlYXRlIjozMDAwMDAwMDAwMDB9fQ=="
        }
      ]
    }
  ],
  "check_results": null
}
